// !$*UTF8*$!
{
	archiveVersion = 1;
	classes = {
	};
	objectVersion = 56;
	objects = {

/* Begin PBXBuildFile section */
		D610F9192C3140AA0017407F /* AppleClockApp.swift in Sources */ = {isa = PBXBuildFile; fileRef = D610F9182C3140AA0017407F /* AppleClockApp.swift */; };
		D610F91B2C3140AA0017407F /* ContentView.swift in Sources */ = {isa = PBXBuildFile; fileRef = D610F91A2C3140AA0017407F /* ContentView.swift */; };
		D610F91D2C3140AC0017407F /* Assets.xcassets in Resources */ = {isa = PBXBuildFile; fileRef = D610F91C2C3140AC0017407F /* Assets.xcassets */; };
		D610F9202C3140AC0017407F /* Preview Assets.xcassets in Resources */ = {isa = PBXBuildFile; fileRef = D610F91F2C3140AC0017407F /* Preview Assets.xcassets */; };
		D610F92E2C3151460017407F /* MainView.swift in Sources */ = {isa = PBXBuildFile; fileRef = D610F92D2C3151460017407F /* MainView.swift */; };
		D610F93C2C3152C90017407F /* WorldClockListView.swift in Sources */ = {isa = PBXBuildFile; fileRef = D610F93B2C3152C90017407F /* WorldClockListView.swift */; };
		D610F93E2C3152D40017407F /* AlertView.swift in Sources */ = {isa = PBXBuildFile; fileRef = D610F93D2C3152D40017407F /* AlertView.swift */; };
		D610F9402C3152E80017407F /* StopWatchView.swift in Sources */ = {isa = PBXBuildFile; fileRef = D610F93F2C3152E80017407F /* StopWatchView.swift */; };
		D610F9422C3152F40017407F /* TimerView.swift in Sources */ = {isa = PBXBuildFile; fileRef = D610F9412C3152F40017407F /* TimerView.swift */; };
		D610F9442C316CC90017407F /* WorldClockTableCellView.swift in Sources */ = {isa = PBXBuildFile; fileRef = D610F9432C316CC90017407F /* WorldClockTableCellView.swift */; };
		D610F9462C3175430017407F /* WorldClock.swift in Sources */ = {isa = PBXBuildFile; fileRef = D610F9452C3175430017407F /* WorldClock.swift */; };
		D610F94A2C3176920017407F /* Date+Extensions.swift in Sources */ = {isa = PBXBuildFile; fileRef = D610F9492C3176920017407F /* Date+Extensions.swift */; };
		D610F94C2C317A4A0017407F /* WorldClockListViewModel.swift in Sources */ = {isa = PBXBuildFile; fileRef = D610F94B2C317A4A0017407F /* WorldClockListViewModel.swift */; };
		D610F94E2C317A810017407F /* Int+Extenstions.swift in Sources */ = {isa = PBXBuildFile; fileRef = D610F94D2C317A810017407F /* Int+Extenstions.swift */; };
		D610F9502C3186550017407F /* WorldSelect.swift in Sources */ = {isa = PBXBuildFile; fileRef = D610F94F2C3186550017407F /* WorldSelect.swift */; };
		D610F9552C3189840017407F /* WorldColckSelectView.swift in Sources */ = {isa = PBXBuildFile; fileRef = D610F9542C3189840017407F /* WorldColckSelectView.swift */; };
		D610F9572C3189AC0017407F /* WorldClockSelectView.swift in Sources */ = {isa = PBXBuildFile; fileRef = D610F9562C3189AC0017407F /* WorldClockSelectView.swift */; };
/* End PBXBuildFile section */

/* Begin PBXFileReference section */
		D610F9152C3140AA0017407F /* AppleClock.app */ = {isa = PBXFileReference; explicitFileType = wrapper.application; includeInIndex = 0; path = AppleClock.app; sourceTree = BUILT_PRODUCTS_DIR; };
		D610F9182C3140AA0017407F /* AppleClockApp.swift */ = {isa = PBXFileReference; lastKnownFileType = sourcecode.swift; path = AppleClockApp.swift; sourceTree = "<group>"; };
		D610F91A2C3140AA0017407F /* ContentView.swift */ = {isa = PBXFileReference; lastKnownFileType = sourcecode.swift; path = ContentView.swift; sourceTree = "<group>"; };
		D610F91C2C3140AC0017407F /* Assets.xcassets */ = {isa = PBXFileReference; lastKnownFileType = folder.assetcatalog; path = Assets.xcassets; sourceTree = "<group>"; };
		D610F91F2C3140AC0017407F /* Preview Assets.xcassets */ = {isa = PBXFileReference; lastKnownFileType = folder.assetcatalog; path = "Preview Assets.xcassets"; sourceTree = "<group>"; };
		D610F92D2C3151460017407F /* MainView.swift */ = {isa = PBXFileReference; lastKnownFileType = sourcecode.swift; path = MainView.swift; sourceTree = "<group>"; };
		D610F93B2C3152C90017407F /* WorldClockListView.swift */ = {isa = PBXFileReference; lastKnownFileType = sourcecode.swift; path = WorldClockListView.swift; sourceTree = "<group>"; };
		D610F93D2C3152D40017407F /* AlertView.swift */ = {isa = PBXFileReference; lastKnownFileType = sourcecode.swift; path = AlertView.swift; sourceTree = "<group>"; };
		D610F93F2C3152E80017407F /* StopWatchView.swift */ = {isa = PBXFileReference; lastKnownFileType = sourcecode.swift; path = StopWatchView.swift; sourceTree = "<group>"; };
		D610F9412C3152F40017407F /* TimerView.swift */ = {isa = PBXFileReference; lastKnownFileType = sourcecode.swift; path = TimerView.swift; sourceTree = "<group>"; };
		D610F9432C316CC90017407F /* WorldClockTableCellView.swift */ = {isa = PBXFileReference; lastKnownFileType = sourcecode.swift; path = WorldClockTableCellView.swift; sourceTree = "<group>"; };
		D610F9452C3175430017407F /* WorldClock.swift */ = {isa = PBXFileReference; lastKnownFileType = sourcecode.swift; path = WorldClock.swift; sourceTree = "<group>"; };
		D610F9492C3176920017407F /* Date+Extensions.swift */ = {isa = PBXFileReference; lastKnownFileType = sourcecode.swift; path = "Date+Extensions.swift"; sourceTree = "<group>"; };
		D610F94B2C317A4A0017407F /* WorldClockListViewModel.swift */ = {isa = PBXFileReference; lastKnownFileType = sourcecode.swift; path = WorldClockListViewModel.swift; sourceTree = "<group>"; };
		D610F94D2C317A810017407F /* Int+Extenstions.swift */ = {isa = PBXFileReference; lastKnownFileType = sourcecode.swift; path = "Int+Extenstions.swift"; sourceTree = "<group>"; };
		D610F94F2C3186550017407F /* WorldSelect.swift */ = {isa = PBXFileReference; lastKnownFileType = sourcecode.swift; path = WorldSelect.swift; sourceTree = "<group>"; };
		D610F9542C3189840017407F /* WorldColckSelectView.swift */ = {isa = PBXFileReference; lastKnownFileType = sourcecode.swift; path = WorldColckSelectView.swift; sourceTree = "<group>"; };
		D610F9562C3189AC0017407F /* WorldClockSelectView.swift */ = {isa = PBXFileReference; lastKnownFileType = sourcecode.swift; path = WorldClockSelectView.swift; sourceTree = "<group>"; };
/* End PBXFileReference section */

/* Begin PBXFrameworksBuildPhase section */
		D610F9122C3140AA0017407F /* Frameworks */ = {
			isa = PBXFrameworksBuildPhase;
			buildActionMask = 2147483647;
			files = (
			);
			runOnlyForDeploymentPostprocessing = 0;
		};
/* End PBXFrameworksBuildPhase section */

/* Begin PBXGroup section */
		D610F90C2C3140AA0017407F = {
			isa = PBXGroup;
			children = (
				D610F9172C3140AA0017407F /* AppleClock */,
				D610F9162C3140AA0017407F /* Products */,
			);
			sourceTree = "<group>";
		};
		D610F9162C3140AA0017407F /* Products */ = {
			isa = PBXGroup;
			children = (
				D610F9152C3140AA0017407F /* AppleClock.app */,
			);
			name = Products;
			sourceTree = "<group>";
		};
		D610F9172C3140AA0017407F /* AppleClock */ = {
			isa = PBXGroup;
			children = (
				D610F9282C314A020017407F /* Domain */,
				D610F9272C3149F00017407F /* Resources */,
				D610F9262C3149DC0017407F /* Presentation */,
				D610F9472C3176620017407F /* Utils */,
				D610F9182C3140AA0017407F /* AppleClockApp.swift */,
				D610F91A2C3140AA0017407F /* ContentView.swift */,
				D610F91E2C3140AC0017407F /* Preview Content */,
			);
			path = AppleClock;
			sourceTree = "<group>";
		};
		D610F91E2C3140AC0017407F /* Preview Content */ = {
			isa = PBXGroup;
			children = (
				D610F91F2C3140AC0017407F /* Preview Assets.xcassets */,
			);
			path = "Preview Content";
			sourceTree = "<group>";
		};
		D610F9262C3149DC0017407F /* Presentation */ = {
			isa = PBXGroup;
			children = (
				D610F92A2C31511F0017407F /* Main */,
				D610F92F2C31522F0017407F /* WorldColok */,
				D610F9302C3152370017407F /* Alert */,
				D610F9312C31523D0017407F /* StopWatch */,
				D610F9322C3152490017407F /* Timer */,
			);
			path = Presentation;
			sourceTree = "<group>";
		};
		D610F9272C3149F00017407F /* Resources */ = {
			isa = PBXGroup;
			children = (
				D610F91C2C3140AC0017407F /* Assets.xcassets */,
			);
			path = Resources;
			sourceTree = "<group>";
		};
		D610F9282C314A020017407F /* Domain */ = {
			isa = PBXGroup;
			children = (
				D610F9292C314A1D0017407F /* Entities */,
			);
			path = Domain;
			sourceTree = "<group>";
		};
		D610F9292C314A1D0017407F /* Entities */ = {
			isa = PBXGroup;
			children = (
				D610F9512C3186640017407F /* World */,
			);
			path = Entities;
			sourceTree = "<group>";
		};
		D610F92A2C31511F0017407F /* Main */ = {
			isa = PBXGroup;
			children = (
				D610F92B2C3151270017407F /* View */,
				D610F92C2C3151300017407F /* ViewModel */,
			);
			path = Main;
			sourceTree = "<group>";
		};
		D610F92B2C3151270017407F /* View */ = {
			isa = PBXGroup;
			children = (
				D610F92D2C3151460017407F /* MainView.swift */,
			);
			path = View;
			sourceTree = "<group>";
		};
		D610F92C2C3151300017407F /* ViewModel */ = {
			isa = PBXGroup;
			children = (
			);
			path = ViewModel;
			sourceTree = "<group>";
		};
		D610F92F2C31522F0017407F /* WorldColok */ = {
			isa = PBXGroup;
			children = (
				D610F9332C31526F0017407F /* View */,
				D610F9342C3152750017407F /* ViewModel */,
			);
			path = WorldColok;
			sourceTree = "<group>";
		};
		D610F9302C3152370017407F /* Alert */ = {
			isa = PBXGroup;
			children = (
				D610F9352C31527A0017407F /* View */,
				D610F9362C31527D0017407F /* ViewModel */,
			);
			path = Alert;
			sourceTree = "<group>";
		};
		D610F9312C31523D0017407F /* StopWatch */ = {
			isa = PBXGroup;
			children = (
				D610F9372C3152860017407F /* View */,
				D610F9382C31528A0017407F /* ViewModel */,
			);
			path = StopWatch;
			sourceTree = "<group>";
		};
		D610F9322C3152490017407F /* Timer */ = {
			isa = PBXGroup;
			children = (
				D610F93A2C3152B20017407F /* View */,
				D610F9392C3152A90017407F /* ViewModel */,
			);
			path = Timer;
			sourceTree = "<group>";
		};
		D610F9332C31526F0017407F /* View */ = {
			isa = PBXGroup;
			children = (
				D610F9532C3189600017407F /* WorldClock */,
				D610F9522C3189430017407F /* WorldClockList */,
			);
			path = View;
			sourceTree = "<group>";
		};
		D610F9342C3152750017407F /* ViewModel */ = {
			isa = PBXGroup;
			children = (
				D610F94B2C317A4A0017407F /* WorldClockListViewModel.swift */,
				D610F9562C3189AC0017407F /* WorldClockSelectView.swift */,
			);
			path = ViewModel;
			sourceTree = "<group>";
		};
		D610F9352C31527A0017407F /* View */ = {
			isa = PBXGroup;
			children = (
				D610F93D2C3152D40017407F /* AlertView.swift */,
			);
			path = View;
			sourceTree = "<group>";
		};
		D610F9362C31527D0017407F /* ViewModel */ = {
			isa = PBXGroup;
			children = (
			);
			path = ViewModel;
			sourceTree = "<group>";
		};
		D610F9372C3152860017407F /* View */ = {
			isa = PBXGroup;
			children = (
				D610F93F2C3152E80017407F /* StopWatchView.swift */,
			);
			path = View;
			sourceTree = "<group>";
		};
		D610F9382C31528A0017407F /* ViewModel */ = {
			isa = PBXGroup;
			children = (
			);
			path = ViewModel;
			sourceTree = "<group>";
		};
		D610F9392C3152A90017407F /* ViewModel */ = {
			isa = PBXGroup;
			children = (
			);
			path = ViewModel;
			sourceTree = "<group>";
		};
		D610F93A2C3152B20017407F /* View */ = {
			isa = PBXGroup;
			children = (
				D610F9412C3152F40017407F /* TimerView.swift */,
			);
			path = View;
			sourceTree = "<group>";
		};
		D610F9472C3176620017407F /* Utils */ = {
			isa = PBXGroup;
			children = (
				D610F9482C31766A0017407F /* Extensions */,
			);
			path = Utils;
			sourceTree = "<group>";
		};
		D610F9482C31766A0017407F /* Extensions */ = {
			isa = PBXGroup;
			children = (
				D610F9492C3176920017407F /* Date+Extensions.swift */,
				D610F94D2C317A810017407F /* Int+Extenstions.swift */,
			);
			path = Extensions;
			sourceTree = "<group>";
		};
		D610F9512C3186640017407F /* World */ = {
			isa = PBXGroup;
			children = (
				D610F9452C3175430017407F /* WorldClock.swift */,
				D610F94F2C3186550017407F /* WorldSelect.swift */,
			);
			path = World;
			sourceTree = "<group>";
		};
		D610F9522C3189430017407F /* WorldClockList */ = {
			isa = PBXGroup;
			children = (
				D610F9432C316CC90017407F /* WorldClockTableCellView.swift */,
				D610F93B2C3152C90017407F /* WorldClockListView.swift */,
			);
			path = WorldClockList;
			sourceTree = "<group>";
		};
		D610F9532C3189600017407F /* WorldClock */ = {
			isa = PBXGroup;
			children = (
				D610F9542C3189840017407F /* WorldColckSelectView.swift */,
			);
			path = WorldClock;
			sourceTree = "<group>";
		};
/* End PBXGroup section */

/* Begin PBXNativeTarget section */
		D610F9142C3140AA0017407F /* AppleClock */ = {
			isa = PBXNativeTarget;
			buildConfigurationList = D610F9232C3140AC0017407F /* Build configuration list for PBXNativeTarget "AppleClock" */;
			buildPhases = (
				D610F9112C3140AA0017407F /* Sources */,
				D610F9122C3140AA0017407F /* Frameworks */,
				D610F9132C3140AA0017407F /* Resources */,
			);
			buildRules = (
			);
			dependencies = (
			);
			name = AppleClock;
			productName = AppleClock;
			productReference = D610F9152C3140AA0017407F /* AppleClock.app */;
			productType = "com.apple.product-type.application";
		};
/* End PBXNativeTarget section */

/* Begin PBXProject section */
		D610F90D2C3140AA0017407F /* Project object */ = {
			isa = PBXProject;
			attributes = {
				BuildIndependentTargetsInParallel = 1;
				LastSwiftUpdateCheck = 1500;
				LastUpgradeCheck = 1500;
				TargetAttributes = {
					D610F9142C3140AA0017407F = {
						CreatedOnToolsVersion = 15.0.1;
					};
				};
			};
			buildConfigurationList = D610F9102C3140AA0017407F /* Build configuration list for PBXProject "AppleClock" */;
			compatibilityVersion = "Xcode 14.0";
			developmentRegion = en;
			hasScannedForEncodings = 0;
			knownRegions = (
				en,
				Base,
			);
			mainGroup = D610F90C2C3140AA0017407F;
			productRefGroup = D610F9162C3140AA0017407F /* Products */;
			projectDirPath = "";
			projectRoot = "";
			targets = (
				D610F9142C3140AA0017407F /* AppleClock */,
			);
		};
/* End PBXProject section */

/* Begin PBXResourcesBuildPhase section */
		D610F9132C3140AA0017407F /* Resources */ = {
			isa = PBXResourcesBuildPhase;
			buildActionMask = 2147483647;
			files = (
				D610F9202C3140AC0017407F /* Preview Assets.xcassets in Resources */,
				D610F91D2C3140AC0017407F /* Assets.xcassets in Resources */,
			);
			runOnlyForDeploymentPostprocessing = 0;
		};
/* End PBXResourcesBuildPhase section */

/* Begin PBXSourcesBuildPhase section */
		D610F9112C3140AA0017407F /* Sources */ = {
			isa = PBXSourcesBuildPhase;
			buildActionMask = 2147483647;
			files = (
				D610F9422C3152F40017407F /* TimerView.swift in Sources */,
				D610F9502C3186550017407F /* WorldSelect.swift in Sources */,
				D610F9402C3152E80017407F /* StopWatchView.swift in Sources */,
				D610F93E2C3152D40017407F /* AlertView.swift in Sources */,
				D610F94A2C3176920017407F /* Date+Extensions.swift in Sources */,
				D610F91B2C3140AA0017407F /* ContentView.swift in Sources */,
				D610F9552C3189840017407F /* WorldColckSelectView.swift in Sources */,
				D610F92E2C3151460017407F /* MainView.swift in Sources */,
				D610F94E2C317A810017407F /* Int+Extenstions.swift in Sources */,
				D610F9462C3175430017407F /* WorldClock.swift in Sources */,
				D610F93C2C3152C90017407F /* WorldClockListView.swift in Sources */,
				D610F94C2C317A4A0017407F /* WorldClockListViewModel.swift in Sources */,
				D610F9572C3189AC0017407F /* WorldClockSelectView.swift in Sources */,
				D610F9192C3140AA0017407F /* AppleClockApp.swift in Sources */,
				D610F9442C316CC90017407F /* WorldClockTableCellView.swift in Sources */,
			);
			runOnlyForDeploymentPostprocessing = 0;
		};
/* End PBXSourcesBuildPhase section */

/* Begin XCBuildConfiguration section */
		D610F9212C3140AC0017407F /* Debug */ = {
			isa = XCBuildConfiguration;
			buildSettings = {
				ALWAYS_SEARCH_USER_PATHS = NO;
				ASSETCATALOG_COMPILER_GENERATE_SWIFT_ASSET_SYMBOL_EXTENSIONS = YES;
				CLANG_ANALYZER_NONNULL = YES;
				CLANG_ANALYZER_NUMBER_OBJECT_CONVERSION = YES_AGGRESSIVE;
				CLANG_CXX_LANGUAGE_STANDARD = "gnu++20";
				CLANG_ENABLE_MODULES = YES;
				CLANG_ENABLE_OBJC_ARC = YES;
				CLANG_ENABLE_OBJC_WEAK = YES;
				CLANG_WARN_BLOCK_CAPTURE_AUTORELEASING = YES;
				CLANG_WARN_BOOL_CONVERSION = YES;
				CLANG_WARN_COMMA = YES;
				CLANG_WARN_CONSTANT_CONVERSION = YES;
				CLANG_WARN_DEPRECATED_OBJC_IMPLEMENTATIONS = YES;
				CLANG_WARN_DIRECT_OBJC_ISA_USAGE = YES_ERROR;
				CLANG_WARN_DOCUMENTATION_COMMENTS = YES;
				CLANG_WARN_EMPTY_BODY = YES;
				CLANG_WARN_ENUM_CONVERSION = YES;
				CLANG_WARN_INFINITE_RECURSION = YES;
				CLANG_WARN_INT_CONVERSION = YES;
				CLANG_WARN_NON_LITERAL_NULL_CONVERSION = YES;
				CLANG_WARN_OBJC_IMPLICIT_RETAIN_SELF = YES;
				CLANG_WARN_OBJC_LITERAL_CONVERSION = YES;
				CLANG_WARN_OBJC_ROOT_CLASS = YES_ERROR;
				CLANG_WARN_QUOTED_INCLUDE_IN_FRAMEWORK_HEADER = YES;
				CLANG_WARN_RANGE_LOOP_ANALYSIS = YES;
				CLANG_WARN_STRICT_PROTOTYPES = YES;
				CLANG_WARN_SUSPICIOUS_MOVE = YES;
				CLANG_WARN_UNGUARDED_AVAILABILITY = YES_AGGRESSIVE;
				CLANG_WARN_UNREACHABLE_CODE = YES;
				CLANG_WARN__DUPLICATE_METHOD_MATCH = YES;
				COPY_PHASE_STRIP = NO;
				DEBUG_INFORMATION_FORMAT = dwarf;
				ENABLE_STRICT_OBJC_MSGSEND = YES;
				ENABLE_TESTABILITY = YES;
				ENABLE_USER_SCRIPT_SANDBOXING = YES;
				GCC_C_LANGUAGE_STANDARD = gnu17;
				GCC_DYNAMIC_NO_PIC = NO;
				GCC_NO_COMMON_BLOCKS = YES;
				GCC_OPTIMIZATION_LEVEL = 0;
				GCC_PREPROCESSOR_DEFINITIONS = (
					"DEBUG=1",
					"$(inherited)",
				);
				GCC_WARN_64_TO_32_BIT_CONVERSION = YES;
				GCC_WARN_ABOUT_RETURN_TYPE = YES_ERROR;
				GCC_WARN_UNDECLARED_SELECTOR = YES;
				GCC_WARN_UNINITIALIZED_AUTOS = YES_AGGRESSIVE;
				GCC_WARN_UNUSED_FUNCTION = YES;
				GCC_WARN_UNUSED_VARIABLE = YES;
				IPHONEOS_DEPLOYMENT_TARGET = 17.0;
				LOCALIZATION_PREFERS_STRING_CATALOGS = YES;
				MTL_ENABLE_DEBUG_INFO = INCLUDE_SOURCE;
				MTL_FAST_MATH = YES;
				ONLY_ACTIVE_ARCH = YES;
				SDKROOT = iphoneos;
				SWIFT_ACTIVE_COMPILATION_CONDITIONS = "DEBUG $(inherited)";
				SWIFT_OPTIMIZATION_LEVEL = "-Onone";
			};
			name = Debug;
		};
		D610F9222C3140AC0017407F /* Release */ = {
			isa = XCBuildConfiguration;
			buildSettings = {
				ALWAYS_SEARCH_USER_PATHS = NO;
				ASSETCATALOG_COMPILER_GENERATE_SWIFT_ASSET_SYMBOL_EXTENSIONS = YES;
				CLANG_ANALYZER_NONNULL = YES;
				CLANG_ANALYZER_NUMBER_OBJECT_CONVERSION = YES_AGGRESSIVE;
				CLANG_CXX_LANGUAGE_STANDARD = "gnu++20";
				CLANG_ENABLE_MODULES = YES;
				CLANG_ENABLE_OBJC_ARC = YES;
				CLANG_ENABLE_OBJC_WEAK = YES;
				CLANG_WARN_BLOCK_CAPTURE_AUTORELEASING = YES;
				CLANG_WARN_BOOL_CONVERSION = YES;
				CLANG_WARN_COMMA = YES;
				CLANG_WARN_CONSTANT_CONVERSION = YES;
				CLANG_WARN_DEPRECATED_OBJC_IMPLEMENTATIONS = YES;
				CLANG_WARN_DIRECT_OBJC_ISA_USAGE = YES_ERROR;
				CLANG_WARN_DOCUMENTATION_COMMENTS = YES;
				CLANG_WARN_EMPTY_BODY = YES;
				CLANG_WARN_ENUM_CONVERSION = YES;
				CLANG_WARN_INFINITE_RECURSION = YES;
				CLANG_WARN_INT_CONVERSION = YES;
				CLANG_WARN_NON_LITERAL_NULL_CONVERSION = YES;
				CLANG_WARN_OBJC_IMPLICIT_RETAIN_SELF = YES;
				CLANG_WARN_OBJC_LITERAL_CONVERSION = YES;
				CLANG_WARN_OBJC_ROOT_CLASS = YES_ERROR;
				CLANG_WARN_QUOTED_INCLUDE_IN_FRAMEWORK_HEADER = YES;
				CLANG_WARN_RANGE_LOOP_ANALYSIS = YES;
				CLANG_WARN_STRICT_PROTOTYPES = YES;
				CLANG_WARN_SUSPICIOUS_MOVE = YES;
				CLANG_WARN_UNGUARDED_AVAILABILITY = YES_AGGRESSIVE;
				CLANG_WARN_UNREACHABLE_CODE = YES;
				CLANG_WARN__DUPLICATE_METHOD_MATCH = YES;
				COPY_PHASE_STRIP = NO;
				DEBUG_INFORMATION_FORMAT = "dwarf-with-dsym";
				ENABLE_NS_ASSERTIONS = NO;
				ENABLE_STRICT_OBJC_MSGSEND = YES;
				ENABLE_USER_SCRIPT_SANDBOXING = YES;
				GCC_C_LANGUAGE_STANDARD = gnu17;
				GCC_NO_COMMON_BLOCKS = YES;
				GCC_WARN_64_TO_32_BIT_CONVERSION = YES;
				GCC_WARN_ABOUT_RETURN_TYPE = YES_ERROR;
				GCC_WARN_UNDECLARED_SELECTOR = YES;
				GCC_WARN_UNINITIALIZED_AUTOS = YES_AGGRESSIVE;
				GCC_WARN_UNUSED_FUNCTION = YES;
				GCC_WARN_UNUSED_VARIABLE = YES;
				IPHONEOS_DEPLOYMENT_TARGET = 17.0;
				LOCALIZATION_PREFERS_STRING_CATALOGS = YES;
				MTL_ENABLE_DEBUG_INFO = NO;
				MTL_FAST_MATH = YES;
				SDKROOT = iphoneos;
				SWIFT_COMPILATION_MODE = wholemodule;
				VALIDATE_PRODUCT = YES;
			};
			name = Release;
		};
		D610F9242C3140AC0017407F /* Debug */ = {
			isa = XCBuildConfiguration;
			buildSettings = {
				ASSETCATALOG_COMPILER_APPICON_NAME = AppIcon;
				ASSETCATALOG_COMPILER_GLOBAL_ACCENT_COLOR_NAME = AccentColor;
				CODE_SIGN_STYLE = Automatic;
				CURRENT_PROJECT_VERSION = 1;
				DEVELOPMENT_ASSET_PATHS = "\"AppleClock/Preview Content\"";
				ENABLE_PREVIEWS = YES;
				GENERATE_INFOPLIST_FILE = YES;
				INFOPLIST_KEY_UIApplicationSceneManifest_Generation = YES;
				INFOPLIST_KEY_UIApplicationSupportsIndirectInputEvents = YES;
				INFOPLIST_KEY_UILaunchScreen_Generation = YES;
				INFOPLIST_KEY_UISupportedInterfaceOrientations_iPad = "UIInterfaceOrientationPortrait UIInterfaceOrientationPortraitUpsideDown UIInterfaceOrientationLandscapeLeft UIInterfaceOrientationLandscapeRight";
				INFOPLIST_KEY_UISupportedInterfaceOrientations_iPhone = "UIInterfaceOrientationPortrait UIInterfaceOrientationLandscapeLeft UIInterfaceOrientationLandscapeRight";
				LD_RUNPATH_SEARCH_PATHS = (
					"$(inherited)",
					"@executable_path/Frameworks",
				);
				MARKETING_VERSION = 1.0;
				PRODUCT_BUNDLE_IDENTIFIER = com.Kwak.AppleClock;
				PRODUCT_NAME = "$(TARGET_NAME)";
				SWIFT_EMIT_LOC_STRINGS = YES;
				SWIFT_VERSION = 5.0;
				TARGETED_DEVICE_FAMILY = "1,2";
			};
			name = Debug;
		};
		D610F9252C3140AC0017407F /* Release */ = {
			isa = XCBuildConfiguration;
			buildSettings = {
				ASSETCATALOG_COMPILER_APPICON_NAME = AppIcon;
				ASSETCATALOG_COMPILER_GLOBAL_ACCENT_COLOR_NAME = AccentColor;
				CODE_SIGN_STYLE = Automatic;
				CURRENT_PROJECT_VERSION = 1;
				DEVELOPMENT_ASSET_PATHS = "\"AppleClock/Preview Content\"";
				ENABLE_PREVIEWS = YES;
				GENERATE_INFOPLIST_FILE = YES;
				INFOPLIST_KEY_UIApplicationSceneManifest_Generation = YES;
				INFOPLIST_KEY_UIApplicationSupportsIndirectInputEvents = YES;
				INFOPLIST_KEY_UILaunchScreen_Generation = YES;
				INFOPLIST_KEY_UISupportedInterfaceOrientations_iPad = "UIInterfaceOrientationPortrait UIInterfaceOrientationPortraitUpsideDown UIInterfaceOrientationLandscapeLeft UIInterfaceOrientationLandscapeRight";
				INFOPLIST_KEY_UISupportedInterfaceOrientations_iPhone = "UIInterfaceOrientationPortrait UIInterfaceOrientationLandscapeLeft UIInterfaceOrientationLandscapeRight";
				LD_RUNPATH_SEARCH_PATHS = (
					"$(inherited)",
					"@executable_path/Frameworks",
				);
				MARKETING_VERSION = 1.0;
				PRODUCT_BUNDLE_IDENTIFIER = com.Kwak.AppleClock;
				PRODUCT_NAME = "$(TARGET_NAME)";
				SWIFT_EMIT_LOC_STRINGS = YES;
				SWIFT_VERSION = 5.0;
				TARGETED_DEVICE_FAMILY = "1,2";
			};
			name = Release;
		};
/* End XCBuildConfiguration section */

/* Begin XCConfigurationList section */
		D610F9102C3140AA0017407F /* Build configuration list for PBXProject "AppleClock" */ = {
			isa = XCConfigurationList;
			buildConfigurations = (
				D610F9212C3140AC0017407F /* Debug */,
				D610F9222C3140AC0017407F /* Release */,
			);
			defaultConfigurationIsVisible = 0;
			defaultConfigurationName = Release;
		};
		D610F9232C3140AC0017407F /* Build configuration list for PBXNativeTarget "AppleClock" */ = {
			isa = XCConfigurationList;
			buildConfigurations = (
				D610F9242C3140AC0017407F /* Debug */,
				D610F9252C3140AC0017407F /* Release */,
			);
			defaultConfigurationIsVisible = 0;
			defaultConfigurationName = Release;
		};
/* End XCConfigurationList section */
	};
	rootObject = D610F90D2C3140AA0017407F /* Project object */;
}
